// !$*UTF8*$!
{
	archiveVersion = 1;
	classes = {
	};
	objectVersion = 46;
	objects = {

/* Begin PBXBuildFile section */
		574F825D1F252B01006D41BE /* AppDelegate.swift in Sources */ = {isa = PBXBuildFile; fileRef = 574F825C1F252B01006D41BE /* AppDelegate.swift */; };
		574F825F1F252B01006D41BE /* ViewController.swift in Sources */ = {isa = PBXBuildFile; fileRef = 574F825E1F252B01006D41BE /* ViewController.swift */; };
		574F82621F252B01006D41BE /* Main.storyboard in Resources */ = {isa = PBXBuildFile; fileRef = 574F82601F252B01006D41BE /* Main.storyboard */; };
		574F82641F252B01006D41BE /* Assets.xcassets in Resources */ = {isa = PBXBuildFile; fileRef = 574F82631F252B01006D41BE /* Assets.xcassets */; };
		574F82671F252B01006D41BE /* LaunchScreen.storyboard in Resources */ = {isa = PBXBuildFile; fileRef = 574F82651F252B01006D41BE /* LaunchScreen.storyboard */; };
/* End PBXBuildFile section */

/* Begin PBXFileReference section */
		574F82591F252B01006D41BE /* HangSwift.app */ = {isa = PBXFileReference; explicitFileType = wrapper.application; includeInIndex = 0; path = HangSwift.app; sourceTree = BUILT_PRODUCTS_DIR; };
		574F825C1F252B01006D41BE /* AppDelegate.swift */ = {isa = PBXFileReference; lastKnownFileType = sourcecode.swift; path = AppDelegate.swift; sourceTree = "<group>"; };
		574F825E1F252B01006D41BE /* ViewController.swift */ = {isa = PBXFileReference; lastKnownFileType = sourcecode.swift; path = ViewController.swift; sourceTree = "<group>"; };
		574F82611F252B01006D41BE /* Base */ = {isa = PBXFileReference; lastKnownFileType = file.storyboard; name = Base; path = Base.lproj/Main.storyboard; sourceTree = "<group>"; };
		574F82631F252B01006D41BE /* Assets.xcassets */ = {isa = PBXFileReference; lastKnownFileType = folder.assetcatalog; path = Assets.xcassets; sourceTree = "<group>"; };
		574F82661F252B01006D41BE /* Base */ = {isa = PBXFileReference; lastKnownFileType = file.storyboard; name = Base; path = Base.lproj/LaunchScreen.storyboard; sourceTree = "<group>"; };
		574F82681F252B01006D41BE /* Info.plist */ = {isa = PBXFileReference; lastKnownFileType = text.plist.xml; path = Info.plist; sourceTree = "<group>"; };
/* End PBXFileReference section */

/* Begin PBXFrameworksBuildPhase section */
		574F82561F252B01006D41BE /* Frameworks */ = {
			isa = PBXFrameworksBuildPhase;
			buildActionMask = 2147483647;
			files = (
			);
			runOnlyForDeploymentPostprocessing = 0;
		};
/* End PBXFrameworksBuildPhase section */

/* Begin PBXGroup section */
		574F82501F252B01006D41BE = {
			isa = PBXGroup;
			children = (
				574F825B1F252B01006D41BE /* HangSwift */,
				574F825A1F252B01006D41BE /* Products */,
			);
			sourceTree = "<group>";
		};
		574F825A1F252B01006D41BE /* Products */ = {
			isa = PBXGroup;
			children = (
				574F82591F252B01006D41BE /* HangSwift.app */,
			);
			name = Products;
			sourceTree = "<group>";
		};
		574F825B1F252B01006D41BE /* HangSwift */ = {
			isa = PBXGroup;
			children = (
				574F825C1F252B01006D41BE /* AppDelegate.swift */,
				574F825E1F252B01006D41BE /* ViewController.swift */,
				574F82601F252B01006D41BE /* Main.storyboard */,
				574F82631F252B01006D41BE /* Assets.xcassets */,
				574F82651F252B01006D41BE /* LaunchScreen.storyboard */,
				574F82681F252B01006D41BE /* Info.plist */,
			);
			path = HangSwift;
			sourceTree = "<group>";
		};
/* End PBXGroup section */

/* Begin PBXNativeTarget section */
		574F82581F252B01006D41BE /* HangSwift */ = {
			isa = PBXNativeTarget;
			buildConfigurationList = 574F826B1F252B01006D41BE /* Build configuration list for PBXNativeTarget "HangSwift" */;
			buildPhases = (
				574F82551F252B01006D41BE /* Sources */,
				574F82561F252B01006D41BE /* Frameworks */,
				574F82571F252B01006D41BE /* Resources */,
			);
			buildRules = (
			);
			dependencies = (
			);
			name = HangSwift;
			productName = HangSwift;
			productReference = 574F82591F252B01006D41BE /* HangSwift.app */;
			productType = "com.apple.product-type.application";
		};
/* End PBXNativeTarget section */

/* Begin PBXProject section */
		574F82511F252B01006D41BE /* Project object */ = {
			isa = PBXProject;
			attributes = {
				LastSwiftUpdateCheck = 0830;
				LastUpgradeCheck = 0830;
				ORGANIZATIONNAME = "Irwin Gonzales";
				TargetAttributes = {
					574F82581F252B01006D41BE = {
						CreatedOnToolsVersion = 8.3.3;
						DevelopmentTeam = 8RP384RY66;
						ProvisioningStyle = Automatic;
					};
				};
			};
			buildConfigurationList = 574F82541F252B01006D41BE /* Build configuration list for PBXProject "HangSwift" */;
			compatibilityVersion = "Xcode 3.2";
			developmentRegion = English;
			hasScannedForEncodings = 0;
			knownRegions = (
				en,
				Base,
			);
			mainGroup = 574F82501F252B01006D41BE;
			productRefGroup = 574F825A1F252B01006D41BE /* Products */;
			projectDirPath = "";
			projectRoot = "";
			targets = (
				574F82581F252B01006D41BE /* HangSwift */,
			);
		};
/* End PBXProject section */

/* Begin PBXResourcesBuildPhase section */
		574F82571F252B01006D41BE /* Resources */ = {
			isa = PBXResourcesBuildPhase;
			buildActionMask = 2147483647;
			files = (
				574F82671F252B01006D41BE /* LaunchScreen.storyboard in Resources */,
				574F82641F252B01006D41BE /* Assets.xcassets in Resources */,
				574F82621F252B01006D41BE /* Main.storyboard in Resources */,
			);
			runOnlyForDeploymentPostprocessing = 0;
		};
/* End PBXResourcesBuildPhase section */

/* Begin PBXSourcesBuildPhase section */
		574F82551F252B01006D41BE /* Sources */ = {
			isa = PBXSourcesBuildPhase;
			buildActionMask = 2147483647;
			files = (
				574F825F1F252B01006D41BE /* ViewController.swift in Sources */,
				574F825D1F252B01006D41BE /* AppDelegate.swift in Sources */,
			);
			runOnlyForDeploymentPostprocessing = 0;
		};
/* End PBXSourcesBuildPhase section */

/* Begin PBXVariantGroup section */
		574F82601F252B01006D41BE /* Main.storyboard */ = {
			isa = PBXVariantGroup;
			children = (
				574F82611F252B01006D41BE /* Base */,
			);
			name = Main.storyboard;
			sourceTree = "<group>";
		};
		574F82651F252B01006D41BE /* LaunchScreen.storyboard */ = {
			isa = PBXVariantGroup;
			children = (
				574F82661F252B01006D41BE /* Base */,
			);
			name = LaunchScreen.storyboard;
			sourceTree = "<group>";
		};
/* End PBXVariantGroup section */

/* Begin XCBuildConfiguration section */
		574F82691F252B01006D41BE /* Debug */ = {
			isa = XCBuildConfiguration;
			buildSettings = {
				ALWAYS_SEARCH_USER_PATHS = NO;
				CLANG_ANALYZER_NONNULL = YES;
				CLANG_ANALYZER_NUMBER_OBJECT_CONVERSION = YES_AGGRESSIVE;
				CLANG_CXX_LANGUAGE_STANDARD = "gnu++0x";
				CLANG_CXX_LIBRARY = "libc++";
				CLANG_ENABLE_MODULES = YES;
				CLANG_ENABLE_OBJC_ARC = YES;
				CLANG_WARN_BOOL_CONVERSION = YES;
				CLANG_WARN_CONSTANT_CONVERSION = YES;
				CLANG_WARN_DIRECT_OBJC_ISA_USAGE = YES_ERROR;
				CLANG_WARN_DOCUMENTATION_COMMENTS = YES;
				CLANG_WARN_EMPTY_BODY = YES;
				CLANG_WARN_ENUM_CONVERSION = YES;
				CLANG_WARN_INFINITE_RECURSION = YES;
				CLANG_WARN_INT_CONVERSION = YES;
				CLANG_WARN_OBJC_ROOT_CLASS = YES_ERROR;
				CLANG_WARN_SUSPICIOUS_MOVE = YES;
				CLANG_WARN_UNREACHABLE_CODE = YES;
				CLANG_WARN__DUPLICATE_METHOD_MATCH = YES;
				"CODE_SIGN_IDENTITY[sdk=iphoneos*]" = "iPhone Developer";
				COPY_PHASE_STRIP = NO;
				DEBUG_INFORMATION_FORMAT = dwarf;
				ENABLE_STRICT_OBJC_MSGSEND = YES;
				ENABLE_TESTABILITY = YES;
				GCC_C_LANGUAGE_STANDARD = gnu99;
				GCC_DYNAMIC_NO_PIC = NO;
				GCC_NO_COMMON_BLOCKS = YES;
				GCC_OPTIMIZATION_LEVEL = 0;
				GCC_PREPROCESSOR_DEFINITIONS = (
					"DEBUG=1",
					"$(inherited)",
				);
				GCC_WARN_64_TO_32_BIT_CONVERSION = YES;
				GCC_WARN_ABOUT_RETURN_TYPE = YES_ERROR;
				GCC_WARN_UNDECLARED_SELECTOR = YES;
				GCC_WARN_UNINITIALIZED_AUTOS = YES_AGGRESSIVE;
				GCC_WARN_UNUSED_FUNCTION = YES;
				GCC_WARN_UNUSED_VARIABLE = YES;
				IPHONEOS_DEPLOYMENT_TARGET = 10.3;
				MTL_ENABLE_DEBUG_INFO = YES;
				ONLY_ACTIVE_ARCH = YES;
				SDKROOT = iphoneos;
				SWIFT_ACTIVE_COMPILATION_CONDITIONS = DEBUG;
				SWIFT_OPTIMIZATION_LEVEL = "-Onone";
				TARGETED_DEVICE_FAMILY = "1,2";
			};
			name = Debug;
		};
		574F826A1F252B01006D41BE /* Release */ = {
			isa = XCBuildConfiguration;
			buildSettings = {
				ALWAYS_SEARCH_USER_PATHS = NO;
				CLANG_ANALYZER_NONNULL = YES;
				CLANG_ANALYZER_NUMBER_OBJECT_CONVERSION = YES_AGGRESSIVE;
				CLANG_CXX_LANGUAGE_STANDARD = "gnu++0x";
				CLANG_CXX_LIBRARY = "libc++";
				CLANG_ENABLE_MODULES = YES;
				CLANG_ENABLE_OBJC_ARC = YES;
				CLANG_WARN_BOOL_CONVERSION = YES;
				CLANG_WARN_CONSTANT_CONVERSION = YES;
				CLANG_WARN_DIRECT_OBJC_ISA_USAGE = YES_ERROR;
				CLANG_WARN_DOCUMENTATION_COMMENTS = YES;
				CLANG_WARN_EMPTY_BODY = YES;
				CLANG_WARN_ENUM_CONVERSION = YES;
				CLANG_WARN_INFINITE_RECURSION = YES;
				CLANG_WARN_INT_CONVERSION = YES;
				CLANG_WARN_OBJC_ROOT_CLASS = YES_ERROR;
				CLANG_WARN_SUSPICIOUS_MOVE = YES;
				CLANG_WARN_UNREACHABLE_CODE = YES;
				CLANG_WARN__DUPLICATE_METHOD_MATCH = YES;
				"CODE_SIGN_IDENTITY[sdk=iphoneos*]" = "iPhone Developer";
				COPY_PHASE_STRIP = NO;
				DEBUG_INFORMATION_FORMAT = "dwarf-with-dsym";
				ENABLE_NS_ASSERTIONS = NO;
				ENABLE_STRICT_OBJC_MSGSEND = YES;
				GCC_C_LANGUAGE_STANDARD = gnu99;
				GCC_NO_COMMON_BLOCKS = YES;
				GCC_WARN_64_TO_32_BIT_CONVERSION = YES;
				GCC_WARN_ABOUT_RETURN_TYPE = YES_ERROR;
				GCC_WARN_UNDECLARED_SELECTOR = YES;
				GCC_WARN_UNINITIALIZED_AUTOS = YES_AGGRESSIVE;
				GCC_WARN_UNUSED_FUNCTION = YES;
				GCC_WARN_UNUSED_VARIABLE = YES;
				IPHONEOS_DEPLOYMENT_TARGET = 10.3;
				MTL_ENABLE_DEBUG_INFO = NO;
				SDKROOT = iphoneos;
				SWIFT_OPTIMIZATION_LEVEL = "-Owholemodule";
				TARGETED_DEVICE_FAMILY = "1,2";
				VALIDATE_PRODUCT = YES;
			};
			name = Release;
		};
		574F826C1F252B01006D41BE /* Debug */ = {
			isa = XCBuildConfiguration;
			buildSettings = {
				ASSETCATALOG_COMPILER_APPICON_NAME = AppIcon;
				DEVELOPMENT_TEAM = 8RP384RY66;
				INFOPLIST_FILE = HangSwift/Info.plist;
				LD_RUNPATH_SEARCH_PATHS = "$(inherited) @executable_path/Frameworks";
				PRODUCT_BUNDLE_IDENTIFIER = com.irwingonzales.HangSwift;
				PRODUCT_NAME = "$(TARGET_NAME)";
				SWIFT_VERSION = 3.0;
			};
			name = Debug;
		};
		574F826D1F252B01006D41BE /* Release */ = {
			isa = XCBuildConfiguration;
			buildSettings = {
				ASSETCATALOG_COMPILER_APPICON_NAME = AppIcon;
				DEVELOPMENT_TEAM = 8RP384RY66;
				INFOPLIST_FILE = HangSwift/Info.plist;
				LD_RUNPATH_SEARCH_PATHS = "$(inherited) @executable_path/Frameworks";
				PRODUCT_BUNDLE_IDENTIFIER = com.irwingonzales.HangSwift;
				PRODUCT_NAME = "$(TARGET_NAME)";
				SWIFT_VERSION = 3.0;
			};
			name = Release;
		};
/* End XCBuildConfiguration section */

/* Begin XCConfigurationList section */
		574F82541F252B01006D41BE /* Build configuration list for PBXProject "HangSwift" */ = {
			isa = XCConfigurationList;
			buildConfigurations = (
				574F82691F252B01006D41BE /* Debug */,
				574F826A1F252B01006D41BE /* Release */,
			);
			defaultConfigurationIsVisible = 0;
			defaultConfigurationName = Release;
		};
		574F826B1F252B01006D41BE /* Build configuration list for PBXNativeTarget "HangSwift" */ = {
			isa = XCConfigurationList;
			buildConfigurations = (
				574F826C1F252B01006D41BE /* Debug */,
				574F826D1F252B01006D41BE /* Release */,
			);
			defaultConfigurationIsVisible = 0;
		};
/* End XCConfigurationList section */
	};
	rootObject = 574F82511F252B01006D41BE /* Project object */;
}
